// !$*UTF8*$!
{
	archiveVersion = 1;
	classes = {
	};
	objectVersion = 55;
	objects = {

/* Begin PBXBuildFile section */
		23B41044256A4D3FA324339F /* Pods_InteraZeroProject1Tests.framework in Frameworks */ = {isa = PBXBuildFile; fileRef = 00C8451C1280020920F502A2 /* Pods_InteraZeroProject1Tests.framework */; };
		419508B9809EAD20A6BA0DB2 /* Pods_InteraZeroProject1_InteraZeroProject1UITests.framework in Frameworks */ = {isa = PBXBuildFile; fileRef = 23AB74B1ACD38D4AAB5AE3CE /* Pods_InteraZeroProject1_InteraZeroProject1UITests.framework */; };
		8FE7EF5E2D729A9739999B26 /* Pods_InteraZeroProject1.framework in Frameworks */ = {isa = PBXBuildFile; fileRef = F156E88F2B4A207055017E37 /* Pods_InteraZeroProject1.framework */; };
		B664E1112C57DDEC0083201D /* DatabaseService.swift in Sources */ = {isa = PBXBuildFile; fileRef = B664E1102C57DDEC0083201D /* DatabaseService.swift */; };
		B664E1132C57DE5F0083201D /* LocalCharacterDetails.swift in Sources */ = {isa = PBXBuildFile; fileRef = B664E1122C57DE5F0083201D /* LocalCharacterDetails.swift */; };
		B664E1152C57DEC50083201D /* LocalStarshipDetails.swift in Sources */ = {isa = PBXBuildFile; fileRef = B664E1142C57DEC50083201D /* LocalStarshipDetails.swift */; };
		B664E1172C57EF250083201D /* LocalStarship.swift in Sources */ = {isa = PBXBuildFile; fileRef = B664E1162C57EF250083201D /* LocalStarship.swift */; };
		B664E1192C57EF480083201D /* LocalCharacter.swift in Sources */ = {isa = PBXBuildFile; fileRef = B664E1182C57EF480083201D /* LocalCharacter.swift */; };
		B664E11E2C57F94A0083201D /* FavouriteVC.swift in Sources */ = {isa = PBXBuildFile; fileRef = B664E11D2C57F94A0083201D /* FavouriteVC.swift */; };
		B664E1202C57F96A0083201D /* FavouritesViewModel.swift in Sources */ = {isa = PBXBuildFile; fileRef = B664E11F2C57F96A0083201D /* FavouritesViewModel.swift */; };
		B668949F2C568F0F00C60476 /* StarshipViewModel.swift in Sources */ = {isa = PBXBuildFile; fileRef = B668949E2C568F0F00C60476 /* StarshipViewModel.swift */; };
		B66894A12C56943B00C60476 /* CustomTableViewCell.xib in Resources */ = {isa = PBXBuildFile; fileRef = B66894A02C56943B00C60476 /* CustomTableViewCell.xib */; };
		B66894A32C56954D00C60476 /* CustomTableViewCell.swift in Sources */ = {isa = PBXBuildFile; fileRef = B66894A22C56954D00C60476 /* CustomTableViewCell.swift */; };
		B66894A52C56A48D00C60476 /* StarshipsVC.swift in Sources */ = {isa = PBXBuildFile; fileRef = B66894A42C56A48D00C60476 /* StarshipsVC.swift */; };
		B66894A72C56AF0700C60476 /* CharactersViewModel.swift in Sources */ = {isa = PBXBuildFile; fileRef = B66894A62C56AF0700C60476 /* CharactersViewModel.swift */; };
		B66894A92C56AF1F00C60476 /* CharactersVC.swift in Sources */ = {isa = PBXBuildFile; fileRef = B66894A82C56AF1F00C60476 /* CharactersVC.swift */; };
		B66894B32C56C1C900C60476 /* CharacterDetailsVC.swift in Sources */ = {isa = PBXBuildFile; fileRef = B66894B22C56C1C900C60476 /* CharacterDetailsVC.swift */; };
		B66894B62C56C5A400C60476 /* SharedDataModel.swift in Sources */ = {isa = PBXBuildFile; fileRef = B66894B52C56C5A400C60476 /* SharedDataModel.swift */; };
		B66894B92C56C7A100C60476 /* CharactersDetailsViewModel.swift in Sources */ = {isa = PBXBuildFile; fileRef = B66894B82C56C7A100C60476 /* CharactersDetailsViewModel.swift */; };
		B66894BD2C56CF0A00C60476 /* StarshipDetailsVC.swift in Sources */ = {isa = PBXBuildFile; fileRef = B66894BC2C56CF0A00C60476 /* StarshipDetailsVC.swift */; };
		B66894C02C56CF2E00C60476 /* StarshipDetailsViewModel.swift in Sources */ = {isa = PBXBuildFile; fileRef = B66894BF2C56CF2E00C60476 /* StarshipDetailsViewModel.swift */; };
		B66894C22C56FED600C60476 /* DependencyProvider.swift in Sources */ = {isa = PBXBuildFile; fileRef = B66894C12C56FED600C60476 /* DependencyProvider.swift */; };
		B66894C42C57089D00C60476 /* SharedMethods.swift in Sources */ = {isa = PBXBuildFile; fileRef = B66894C32C57089D00C60476 /* SharedMethods.swift */; };
		B697AA962C56702300795D48 /* AppDelegate.swift in Sources */ = {isa = PBXBuildFile; fileRef = B697AA952C56702300795D48 /* AppDelegate.swift */; };
		B697AA982C56702300795D48 /* SceneDelegate.swift in Sources */ = {isa = PBXBuildFile; fileRef = B697AA972C56702300795D48 /* SceneDelegate.swift */; };
		B697AA9D2C56702300795D48 /* Main.storyboard in Resources */ = {isa = PBXBuildFile; fileRef = B697AA9B2C56702300795D48 /* Main.storyboard */; };
		B697AAA02C56702300795D48 /* InteraZeroProject1.xcdatamodeld in Sources */ = {isa = PBXBuildFile; fileRef = B697AA9E2C56702300795D48 /* InteraZeroProject1.xcdatamodeld */; };
		B697AAA22C56702500795D48 /* Assets.xcassets in Resources */ = {isa = PBXBuildFile; fileRef = B697AAA12C56702500795D48 /* Assets.xcassets */; };
		B697AAA52C56702500795D48 /* LaunchScreen.storyboard in Resources */ = {isa = PBXBuildFile; fileRef = B697AAA32C56702500795D48 /* LaunchScreen.storyboard */; };
		B697AAB02C56702500795D48 /* InteraZeroProject1Tests.swift in Sources */ = {isa = PBXBuildFile; fileRef = B697AAAF2C56702500795D48 /* InteraZeroProject1Tests.swift */; };
		B697AABA2C56702500795D48 /* InteraZeroProject1UITests.swift in Sources */ = {isa = PBXBuildFile; fileRef = B697AAB92C56702500795D48 /* InteraZeroProject1UITests.swift */; };
		B697AABC2C56702500795D48 /* InteraZeroProject1UITestsLaunchTests.swift in Sources */ = {isa = PBXBuildFile; fileRef = B697AABB2C56702500795D48 /* InteraZeroProject1UITestsLaunchTests.swift */; };
		B6E139972C5672B500AF1457 /* CharactersModel.swift in Sources */ = {isa = PBXBuildFile; fileRef = B6E139962C5672B500AF1457 /* CharactersModel.swift */; };
		B6E6B0A22C567BE800F73337 /* StarshipModel.swift in Sources */ = {isa = PBXBuildFile; fileRef = B6E6B0A12C567BE800F73337 /* StarshipModel.swift */; };
		B6ED9DF62C567FD400CDAB30 /* NetworkService.swift in Sources */ = {isa = PBXBuildFile; fileRef = B6ED9DF52C567FD400CDAB30 /* NetworkService.swift */; };
		B6ED9DF92C56817900CDAB30 /* Constants.swift in Sources */ = {isa = PBXBuildFile; fileRef = B6ED9DF82C56817900CDAB30 /* Constants.swift */; };
/* End PBXBuildFile section */

/* Begin PBXContainerItemProxy section */
		B697AAAC2C56702500795D48 /* PBXContainerItemProxy */ = {
			isa = PBXContainerItemProxy;
			containerPortal = B697AA8A2C56702200795D48 /* Project object */;
			proxyType = 1;
			remoteGlobalIDString = B697AA912C56702300795D48;
			remoteInfo = InteraZeroProject1;
		};
		B697AAB62C56702500795D48 /* PBXContainerItemProxy */ = {
			isa = PBXContainerItemProxy;
			containerPortal = B697AA8A2C56702200795D48 /* Project object */;
			proxyType = 1;
			remoteGlobalIDString = B697AA912C56702300795D48;
			remoteInfo = InteraZeroProject1;
		};
/* End PBXContainerItemProxy section */

/* Begin PBXFileReference section */
		00C8451C1280020920F502A2 /* Pods_InteraZeroProject1Tests.framework */ = {isa = PBXFileReference; explicitFileType = wrapper.framework; includeInIndex = 0; path = Pods_InteraZeroProject1Tests.framework; sourceTree = BUILT_PRODUCTS_DIR; };
		085FB2302C2DB6822FF27913 /* Pods-InteraZeroProject1Tests.debug.xcconfig */ = {isa = PBXFileReference; includeInIndex = 1; lastKnownFileType = text.xcconfig; name = "Pods-InteraZeroProject1Tests.debug.xcconfig"; path = "Target Support Files/Pods-InteraZeroProject1Tests/Pods-InteraZeroProject1Tests.debug.xcconfig"; sourceTree = "<group>"; };
		0CAAEBAE7957744BB9AD9184 /* Pods-InteraZeroProject1.debug.xcconfig */ = {isa = PBXFileReference; includeInIndex = 1; lastKnownFileType = text.xcconfig; name = "Pods-InteraZeroProject1.debug.xcconfig"; path = "Target Support Files/Pods-InteraZeroProject1/Pods-InteraZeroProject1.debug.xcconfig"; sourceTree = "<group>"; };
		17578D97F2A58B7C434C3436 /* Pods-InteraZeroProject1Tests.release.xcconfig */ = {isa = PBXFileReference; includeInIndex = 1; lastKnownFileType = text.xcconfig; name = "Pods-InteraZeroProject1Tests.release.xcconfig"; path = "Target Support Files/Pods-InteraZeroProject1Tests/Pods-InteraZeroProject1Tests.release.xcconfig"; sourceTree = "<group>"; };
		23AB74B1ACD38D4AAB5AE3CE /* Pods_InteraZeroProject1_InteraZeroProject1UITests.framework */ = {isa = PBXFileReference; explicitFileType = wrapper.framework; includeInIndex = 0; path = Pods_InteraZeroProject1_InteraZeroProject1UITests.framework; sourceTree = BUILT_PRODUCTS_DIR; };
		43C90EFED0D63C075CE55ECF /* Pods-InteraZeroProject1-InteraZeroProject1UITests.release.xcconfig */ = {isa = PBXFileReference; includeInIndex = 1; lastKnownFileType = text.xcconfig; name = "Pods-InteraZeroProject1-InteraZeroProject1UITests.release.xcconfig"; path = "Target Support Files/Pods-InteraZeroProject1-InteraZeroProject1UITests/Pods-InteraZeroProject1-InteraZeroProject1UITests.release.xcconfig"; sourceTree = "<group>"; };
		5E43EDD115D089B04BEE8BD1 /* Pods-InteraZeroProject1.release.xcconfig */ = {isa = PBXFileReference; includeInIndex = 1; lastKnownFileType = text.xcconfig; name = "Pods-InteraZeroProject1.release.xcconfig"; path = "Target Support Files/Pods-InteraZeroProject1/Pods-InteraZeroProject1.release.xcconfig"; sourceTree = "<group>"; };
		78DF2FEB995AD9689D1C5404 /* Pods-InteraZeroProject1-InteraZeroProject1UITests.debug.xcconfig */ = {isa = PBXFileReference; includeInIndex = 1; lastKnownFileType = text.xcconfig; name = "Pods-InteraZeroProject1-InteraZeroProject1UITests.debug.xcconfig"; path = "Target Support Files/Pods-InteraZeroProject1-InteraZeroProject1UITests/Pods-InteraZeroProject1-InteraZeroProject1UITests.debug.xcconfig"; sourceTree = "<group>"; };
		B664E1102C57DDEC0083201D /* DatabaseService.swift */ = {isa = PBXFileReference; lastKnownFileType = sourcecode.swift; path = DatabaseService.swift; sourceTree = "<group>"; };
		B664E1122C57DE5F0083201D /* LocalCharacterDetails.swift */ = {isa = PBXFileReference; lastKnownFileType = sourcecode.swift; path = LocalCharacterDetails.swift; sourceTree = "<group>"; };
		B664E1142C57DEC50083201D /* LocalStarshipDetails.swift */ = {isa = PBXFileReference; lastKnownFileType = sourcecode.swift; path = LocalStarshipDetails.swift; sourceTree = "<group>"; };
		B664E1162C57EF250083201D /* LocalStarship.swift */ = {isa = PBXFileReference; lastKnownFileType = sourcecode.swift; path = LocalStarship.swift; sourceTree = "<group>"; };
		B664E1182C57EF480083201D /* LocalCharacter.swift */ = {isa = PBXFileReference; lastKnownFileType = sourcecode.swift; path = LocalCharacter.swift; sourceTree = "<group>"; };
		B664E11D2C57F94A0083201D /* FavouriteVC.swift */ = {isa = PBXFileReference; lastKnownFileType = sourcecode.swift; path = FavouriteVC.swift; sourceTree = "<group>"; };
		B664E11F2C57F96A0083201D /* FavouritesViewModel.swift */ = {isa = PBXFileReference; lastKnownFileType = sourcecode.swift; path = FavouritesViewModel.swift; sourceTree = "<group>"; };
		B668949E2C568F0F00C60476 /* StarshipViewModel.swift */ = {isa = PBXFileReference; lastKnownFileType = sourcecode.swift; path = StarshipViewModel.swift; sourceTree = "<group>"; };
		B66894A02C56943B00C60476 /* CustomTableViewCell.xib */ = {isa = PBXFileReference; lastKnownFileType = file.xib; path = CustomTableViewCell.xib; sourceTree = "<group>"; };
		B66894A22C56954D00C60476 /* CustomTableViewCell.swift */ = {isa = PBXFileReference; lastKnownFileType = sourcecode.swift; path = CustomTableViewCell.swift; sourceTree = "<group>"; };
		B66894A42C56A48D00C60476 /* StarshipsVC.swift */ = {isa = PBXFileReference; lastKnownFileType = sourcecode.swift; path = StarshipsVC.swift; sourceTree = "<group>"; };
		B66894A62C56AF0700C60476 /* CharactersViewModel.swift */ = {isa = PBXFileReference; lastKnownFileType = sourcecode.swift; path = CharactersViewModel.swift; sourceTree = "<group>"; };
		B66894A82C56AF1F00C60476 /* CharactersVC.swift */ = {isa = PBXFileReference; lastKnownFileType = sourcecode.swift; path = CharactersVC.swift; sourceTree = "<group>"; };
		B66894B22C56C1C900C60476 /* CharacterDetailsVC.swift */ = {isa = PBXFileReference; fileEncoding = 4; lastKnownFileType = sourcecode.swift; path = CharacterDetailsVC.swift; sourceTree = "<group>"; };
		B66894B52C56C5A400C60476 /* SharedDataModel.swift */ = {isa = PBXFileReference; lastKnownFileType = sourcecode.swift; path = SharedDataModel.swift; sourceTree = "<group>"; };
		B66894B82C56C7A100C60476 /* CharactersDetailsViewModel.swift */ = {isa = PBXFileReference; lastKnownFileType = sourcecode.swift; path = CharactersDetailsViewModel.swift; sourceTree = "<group>"; };
		B66894BC2C56CF0A00C60476 /* StarshipDetailsVC.swift */ = {isa = PBXFileReference; lastKnownFileType = sourcecode.swift; path = StarshipDetailsVC.swift; sourceTree = "<group>"; };
		B66894BF2C56CF2E00C60476 /* StarshipDetailsViewModel.swift */ = {isa = PBXFileReference; lastKnownFileType = sourcecode.swift; path = StarshipDetailsViewModel.swift; sourceTree = "<group>"; };
		B66894C12C56FED600C60476 /* DependencyProvider.swift */ = {isa = PBXFileReference; lastKnownFileType = sourcecode.swift; path = DependencyProvider.swift; sourceTree = "<group>"; };
		B66894C32C57089D00C60476 /* SharedMethods.swift */ = {isa = PBXFileReference; lastKnownFileType = sourcecode.swift; path = SharedMethods.swift; sourceTree = "<group>"; };
		B697AA922C56702300795D48 /* InteraZeroProject1.app */ = {isa = PBXFileReference; explicitFileType = wrapper.application; includeInIndex = 0; path = InteraZeroProject1.app; sourceTree = BUILT_PRODUCTS_DIR; };
		B697AA952C56702300795D48 /* AppDelegate.swift */ = {isa = PBXFileReference; lastKnownFileType = sourcecode.swift; path = AppDelegate.swift; sourceTree = "<group>"; };
		B697AA972C56702300795D48 /* SceneDelegate.swift */ = {isa = PBXFileReference; lastKnownFileType = sourcecode.swift; path = SceneDelegate.swift; sourceTree = "<group>"; };
		B697AA9C2C56702300795D48 /* Base */ = {isa = PBXFileReference; lastKnownFileType = file.storyboard; name = Base; path = Base.lproj/Main.storyboard; sourceTree = "<group>"; };
		B697AA9F2C56702300795D48 /* InteraZeroProject1.xcdatamodel */ = {isa = PBXFileReference; lastKnownFileType = wrapper.xcdatamodel; path = InteraZeroProject1.xcdatamodel; sourceTree = "<group>"; };
		B697AAA12C56702500795D48 /* Assets.xcassets */ = {isa = PBXFileReference; lastKnownFileType = folder.assetcatalog; path = Assets.xcassets; sourceTree = "<group>"; };
		B697AAA42C56702500795D48 /* Base */ = {isa = PBXFileReference; lastKnownFileType = file.storyboard; name = Base; path = Base.lproj/LaunchScreen.storyboard; sourceTree = "<group>"; };
		B697AAA62C56702500795D48 /* Info.plist */ = {isa = PBXFileReference; lastKnownFileType = text.plist.xml; path = Info.plist; sourceTree = "<group>"; };
		B697AAAB2C56702500795D48 /* InteraZeroProject1Tests.xctest */ = {isa = PBXFileReference; explicitFileType = wrapper.cfbundle; includeInIndex = 0; path = InteraZeroProject1Tests.xctest; sourceTree = BUILT_PRODUCTS_DIR; };
		B697AAAF2C56702500795D48 /* InteraZeroProject1Tests.swift */ = {isa = PBXFileReference; lastKnownFileType = sourcecode.swift; path = InteraZeroProject1Tests.swift; sourceTree = "<group>"; };
		B697AAB52C56702500795D48 /* InteraZeroProject1UITests.xctest */ = {isa = PBXFileReference; explicitFileType = wrapper.cfbundle; includeInIndex = 0; path = InteraZeroProject1UITests.xctest; sourceTree = BUILT_PRODUCTS_DIR; };
		B697AAB92C56702500795D48 /* InteraZeroProject1UITests.swift */ = {isa = PBXFileReference; lastKnownFileType = sourcecode.swift; path = InteraZeroProject1UITests.swift; sourceTree = "<group>"; };
		B697AABB2C56702500795D48 /* InteraZeroProject1UITestsLaunchTests.swift */ = {isa = PBXFileReference; lastKnownFileType = sourcecode.swift; path = InteraZeroProject1UITestsLaunchTests.swift; sourceTree = "<group>"; };
		B6E139962C5672B500AF1457 /* CharactersModel.swift */ = {isa = PBXFileReference; lastKnownFileType = sourcecode.swift; path = CharactersModel.swift; sourceTree = "<group>"; };
		B6E6B0A12C567BE800F73337 /* StarshipModel.swift */ = {isa = PBXFileReference; lastKnownFileType = sourcecode.swift; path = StarshipModel.swift; sourceTree = "<group>"; };
		B6ED9DF52C567FD400CDAB30 /* NetworkService.swift */ = {isa = PBXFileReference; lastKnownFileType = sourcecode.swift; path = NetworkService.swift; sourceTree = "<group>"; };
		B6ED9DF82C56817900CDAB30 /* Constants.swift */ = {isa = PBXFileReference; lastKnownFileType = sourcecode.swift; path = Constants.swift; sourceTree = "<group>"; };
		F156E88F2B4A207055017E37 /* Pods_InteraZeroProject1.framework */ = {isa = PBXFileReference; explicitFileType = wrapper.framework; includeInIndex = 0; path = Pods_InteraZeroProject1.framework; sourceTree = BUILT_PRODUCTS_DIR; };
/* End PBXFileReference section */

/* Begin PBXFrameworksBuildPhase section */
		B697AA8F2C56702300795D48 /* Frameworks */ = {
			isa = PBXFrameworksBuildPhase;
			buildActionMask = 2147483647;
			files = (
				8FE7EF5E2D729A9739999B26 /* Pods_InteraZeroProject1.framework in Frameworks */,
			);
			runOnlyForDeploymentPostprocessing = 0;
		};
		B697AAA82C56702500795D48 /* Frameworks */ = {
			isa = PBXFrameworksBuildPhase;
			buildActionMask = 2147483647;
			files = (
				23B41044256A4D3FA324339F /* Pods_InteraZeroProject1Tests.framework in Frameworks */,
			);
			runOnlyForDeploymentPostprocessing = 0;
		};
		B697AAB22C56702500795D48 /* Frameworks */ = {
			isa = PBXFrameworksBuildPhase;
			buildActionMask = 2147483647;
			files = (
				419508B9809EAD20A6BA0DB2 /* Pods_InteraZeroProject1_InteraZeroProject1UITests.framework in Frameworks */,
			);
			runOnlyForDeploymentPostprocessing = 0;
		};
/* End PBXFrameworksBuildPhase section */

/* Begin PBXGroup section */
		87C333870AA69329413092AB /* Frameworks */ = {
			isa = PBXGroup;
			children = (
				F156E88F2B4A207055017E37 /* Pods_InteraZeroProject1.framework */,
				23AB74B1ACD38D4AAB5AE3CE /* Pods_InteraZeroProject1_InteraZeroProject1UITests.framework */,
				00C8451C1280020920F502A2 /* Pods_InteraZeroProject1Tests.framework */,
			);
			name = Frameworks;
			sourceTree = "<group>";
		};
		883768963294515C86848A0A /* Pods */ = {
			isa = PBXGroup;
			children = (
				0CAAEBAE7957744BB9AD9184 /* Pods-InteraZeroProject1.debug.xcconfig */,
				5E43EDD115D089B04BEE8BD1 /* Pods-InteraZeroProject1.release.xcconfig */,
				78DF2FEB995AD9689D1C5404 /* Pods-InteraZeroProject1-InteraZeroProject1UITests.debug.xcconfig */,
				43C90EFED0D63C075CE55ECF /* Pods-InteraZeroProject1-InteraZeroProject1UITests.release.xcconfig */,
				085FB2302C2DB6822FF27913 /* Pods-InteraZeroProject1Tests.debug.xcconfig */,
				17578D97F2A58B7C434C3436 /* Pods-InteraZeroProject1Tests.release.xcconfig */,
			);
			path = Pods;
			sourceTree = "<group>";
		};
		B664E11A2C57F8F40083201D /* Favourites */ = {
			isa = PBXGroup;
			children = (
				B664E11C2C57F9100083201D /* ViewModel */,
				B664E11B2C57F9090083201D /* View */,
			);
			path = Favourites;
			sourceTree = "<group>";
		};
		B664E11B2C57F9090083201D /* View */ = {
			isa = PBXGroup;
			children = (
				B664E11D2C57F94A0083201D /* FavouriteVC.swift */,
			);
			path = View;
			sourceTree = "<group>";
		};
		B664E11C2C57F9100083201D /* ViewModel */ = {
			isa = PBXGroup;
			children = (
				B664E11F2C57F96A0083201D /* FavouritesViewModel.swift */,
			);
			path = ViewModel;
			sourceTree = "<group>";
		};
		B668949A2C568E9A00C60476 /* View */ = {
			isa = PBXGroup;
			children = (
				B66894A82C56AF1F00C60476 /* CharactersVC.swift */,
			);
			path = View;
			sourceTree = "<group>";
		};
		B668949B2C568EA200C60476 /* ViewModel */ = {
			isa = PBXGroup;
			children = (
				B66894A62C56AF0700C60476 /* CharactersViewModel.swift */,
			);
			path = ViewModel;
			sourceTree = "<group>";
		};
		B668949C2C568EAD00C60476 /* View */ = {
			isa = PBXGroup;
			children = (
				B66894A22C56954D00C60476 /* CustomTableViewCell.swift */,
				B66894A42C56A48D00C60476 /* StarshipsVC.swift */,
			);
			path = View;
			sourceTree = "<group>";
		};
		B668949D2C568EB400C60476 /* ViewModel */ = {
			isa = PBXGroup;
			children = (
				B668949E2C568F0F00C60476 /* StarshipViewModel.swift */,
			);
			path = ViewModel;
			sourceTree = "<group>";
		};
		B66894AA2C56B6D600C60476 /* StarshipDetails */ = {
			isa = PBXGroup;
			children = (
				B66894BE2C56CF1D00C60476 /* ViewModel */,
				B66894AC2C56BDA200C60476 /* View */,
			);
			path = StarshipDetails;
			sourceTree = "<group>";
		};
		B66894AB2C56B6E400C60476 /* CharactersDetails */ = {
			isa = PBXGroup;
			children = (
				B66894B72C56C77E00C60476 /* ViewModel */,
				B66894AF2C56C16D00C60476 /* View */,
			);
			path = CharactersDetails;
			sourceTree = "<group>";
		};
		B66894AC2C56BDA200C60476 /* View */ = {
			isa = PBXGroup;
			children = (
				B66894BC2C56CF0A00C60476 /* StarshipDetailsVC.swift */,
			);
			path = View;
			sourceTree = "<group>";
		};
		B66894AF2C56C16D00C60476 /* View */ = {
			isa = PBXGroup;
			children = (
				B66894B22C56C1C900C60476 /* CharacterDetailsVC.swift */,
			);
			path = View;
			sourceTree = "<group>";
		};
		B66894B42C56C55D00C60476 /* SharedData */ = {
			isa = PBXGroup;
			children = (
				B66894B52C56C5A400C60476 /* SharedDataModel.swift */,
				B66894C32C57089D00C60476 /* SharedMethods.swift */,
			);
			path = SharedData;
			sourceTree = "<group>";
		};
		B66894B72C56C77E00C60476 /* ViewModel */ = {
			isa = PBXGroup;
			children = (
				B66894B82C56C7A100C60476 /* CharactersDetailsViewModel.swift */,
			);
			path = ViewModel;
			sourceTree = "<group>";
		};
		B66894BE2C56CF1D00C60476 /* ViewModel */ = {
			isa = PBXGroup;
			children = (
				B66894BF2C56CF2E00C60476 /* StarshipDetailsViewModel.swift */,
			);
			path = ViewModel;
			sourceTree = "<group>";
		};
		B697AA892C56702200795D48 = {
			isa = PBXGroup;
			children = (
				B697AA942C56702300795D48 /* InteraZeroProject1 */,
				B697AAAE2C56702500795D48 /* InteraZeroProject1Tests */,
				B697AAB82C56702500795D48 /* InteraZeroProject1UITests */,
				B697AA932C56702300795D48 /* Products */,
				883768963294515C86848A0A /* Pods */,
				87C333870AA69329413092AB /* Frameworks */,
			);
			sourceTree = "<group>";
		};
		B697AA932C56702300795D48 /* Products */ = {
			isa = PBXGroup;
			children = (
				B697AA922C56702300795D48 /* InteraZeroProject1.app */,
				B697AAAB2C56702500795D48 /* InteraZeroProject1Tests.xctest */,
				B697AAB52C56702500795D48 /* InteraZeroProject1UITests.xctest */,
			);
			name = Products;
			sourceTree = "<group>";
		};
		B697AA942C56702300795D48 /* InteraZeroProject1 */ = {
			isa = PBXGroup;
			children = (
				B664E11A2C57F8F40083201D /* Favourites */,
				B66894B42C56C55D00C60476 /* SharedData */,
				B6ED9DF72C56816800CDAB30 /* Utilities */,
				B6E6B0A32C567C2D00F73337 /* Services */,
				B6ED9DF22C567F9E00CDAB30 /* Starship */,
				B66894AA2C56B6D600C60476 /* StarshipDetails */,
				B697AACA2C56705500795D48 /* Characters */,
				B66894AB2C56B6E400C60476 /* CharactersDetails */,
				B697AAC92C56704B00795D48 /* Views */,
				B697AAC82C56704000795D48 /* Model */,
				B697AA952C56702300795D48 /* AppDelegate.swift */,
				B697AA972C56702300795D48 /* SceneDelegate.swift */,
				B697AAA62C56702500795D48 /* Info.plist */,
				B697AA9E2C56702300795D48 /* InteraZeroProject1.xcdatamodeld */,
			);
			path = InteraZeroProject1;
			sourceTree = "<group>";
		};
		B697AAAE2C56702500795D48 /* InteraZeroProject1Tests */ = {
			isa = PBXGroup;
			children = (
				B697AAAF2C56702500795D48 /* InteraZeroProject1Tests.swift */,
			);
			path = InteraZeroProject1Tests;
			sourceTree = "<group>";
		};
		B697AAB82C56702500795D48 /* InteraZeroProject1UITests */ = {
			isa = PBXGroup;
			children = (
				B697AAB92C56702500795D48 /* InteraZeroProject1UITests.swift */,
				B697AABB2C56702500795D48 /* InteraZeroProject1UITestsLaunchTests.swift */,
			);
			path = InteraZeroProject1UITests;
			sourceTree = "<group>";
		};
		B697AAC82C56704000795D48 /* Model */ = {
			isa = PBXGroup;
			children = (
				B6E139962C5672B500AF1457 /* CharactersModel.swift */,
				B6E6B0A12C567BE800F73337 /* StarshipModel.swift */,
				B664E1122C57DE5F0083201D /* LocalCharacterDetails.swift */,
				B664E1142C57DEC50083201D /* LocalStarshipDetails.swift */,
				B664E1162C57EF250083201D /* LocalStarship.swift */,
				B664E1182C57EF480083201D /* LocalCharacter.swift */,
			);
			path = Model;
			sourceTree = "<group>";
		};
		B697AAC92C56704B00795D48 /* Views */ = {
			isa = PBXGroup;
			children = (
				B697AA9B2C56702300795D48 /* Main.storyboard */,
				B697AAA12C56702500795D48 /* Assets.xcassets */,
				B697AAA32C56702500795D48 /* LaunchScreen.storyboard */,
				B66894A02C56943B00C60476 /* CustomTableViewCell.xib */,
			);
			path = Views;
			sourceTree = "<group>";
		};
		B697AACA2C56705500795D48 /* Characters */ = {
			isa = PBXGroup;
			children = (
				B668949B2C568EA200C60476 /* ViewModel */,
				B668949A2C568E9A00C60476 /* View */,
			);
			path = Characters;
			sourceTree = "<group>";
		};
		B6E6B0A32C567C2D00F73337 /* Services */ = {
			isa = PBXGroup;
			children = (
				B6E6B0A52C567C5900F73337 /* DatabaseService */,
				B6E6B0A42C567C3800F73337 /* NetworkService */,
			);
			path = Services;
			sourceTree = "<group>";
		};
		B6E6B0A42C567C3800F73337 /* NetworkService */ = {
			isa = PBXGroup;
			children = (
				B6ED9DF52C567FD400CDAB30 /* NetworkService.swift */,
			);
			path = NetworkService;
			sourceTree = "<group>";
		};
		B6E6B0A52C567C5900F73337 /* DatabaseService */ = {
			isa = PBXGroup;
			children = (
				B664E1102C57DDEC0083201D /* DatabaseService.swift */,
			);
			path = DatabaseService;
			sourceTree = "<group>";
		};
		B6ED9DF22C567F9E00CDAB30 /* Starship */ = {
			isa = PBXGroup;
			children = (
				B668949D2C568EB400C60476 /* ViewModel */,
				B668949C2C568EAD00C60476 /* View */,
			);
			path = Starship;
			sourceTree = "<group>";
		};
		B6ED9DF72C56816800CDAB30 /* Utilities */ = {
			isa = PBXGroup;
			children = (
				B6ED9DF82C56817900CDAB30 /* Constants.swift */,
				B66894C12C56FED600C60476 /* DependencyProvider.swift */,
			);
			path = Utilities;
			sourceTree = "<group>";
		};
/* End PBXGroup section */

/* Begin PBXNativeTarget section */
		B697AA912C56702300795D48 /* InteraZeroProject1 */ = {
			isa = PBXNativeTarget;
			buildConfigurationList = B697AABF2C56702500795D48 /* Build configuration list for PBXNativeTarget "InteraZeroProject1" */;
			buildPhases = (
				327B5B22494D7321BBB5DA3B /* [CP] Check Pods Manifest.lock */,
				B697AA8E2C56702300795D48 /* Sources */,
				B697AA8F2C56702300795D48 /* Frameworks */,
				B697AA902C56702300795D48 /* Resources */,
				0CBF0DEEC927DDEF22374E06 /* [CP] Embed Pods Frameworks */,
			);
			buildRules = (
			);
			dependencies = (
			);
			name = InteraZeroProject1;
			productName = InteraZeroProject1;
			productReference = B697AA922C56702300795D48 /* InteraZeroProject1.app */;
			productType = "com.apple.product-type.application";
		};
		B697AAAA2C56702500795D48 /* InteraZeroProject1Tests */ = {
			isa = PBXNativeTarget;
			buildConfigurationList = B697AAC22C56702500795D48 /* Build configuration list for PBXNativeTarget "InteraZeroProject1Tests" */;
			buildPhases = (
				AB5091610A74F99DB243F756 /* [CP] Check Pods Manifest.lock */,
				B697AAA72C56702500795D48 /* Sources */,
				B697AAA82C56702500795D48 /* Frameworks */,
				B697AAA92C56702500795D48 /* Resources */,
			);
			buildRules = (
			);
			dependencies = (
				B697AAAD2C56702500795D48 /* PBXTargetDependency */,
			);
			name = InteraZeroProject1Tests;
			productName = InteraZeroProject1Tests;
			productReference = B697AAAB2C56702500795D48 /* InteraZeroProject1Tests.xctest */;
			productType = "com.apple.product-type.bundle.unit-test";
		};
		B697AAB42C56702500795D48 /* InteraZeroProject1UITests */ = {
			isa = PBXNativeTarget;
			buildConfigurationList = B697AAC52C56702500795D48 /* Build configuration list for PBXNativeTarget "InteraZeroProject1UITests" */;
			buildPhases = (
				E4A1B3A2F02E11E61D1841F7 /* [CP] Check Pods Manifest.lock */,
				B697AAB12C56702500795D48 /* Sources */,
				B697AAB22C56702500795D48 /* Frameworks */,
				B697AAB32C56702500795D48 /* Resources */,
				250BD78E2250717BC4A3E9EB /* [CP] Embed Pods Frameworks */,
			);
			buildRules = (
			);
			dependencies = (
				B697AAB72C56702500795D48 /* PBXTargetDependency */,
			);
			name = InteraZeroProject1UITests;
			productName = InteraZeroProject1UITests;
			productReference = B697AAB52C56702500795D48 /* InteraZeroProject1UITests.xctest */;
			productType = "com.apple.product-type.bundle.ui-testing";
		};
/* End PBXNativeTarget section */

/* Begin PBXProject section */
		B697AA8A2C56702200795D48 /* Project object */ = {
			isa = PBXProject;
			attributes = {
				BuildIndependentTargetsInParallel = 1;
				LastSwiftUpdateCheck = 1340;
				LastUpgradeCheck = 1340;
				TargetAttributes = {
					B697AA912C56702300795D48 = {
						CreatedOnToolsVersion = 13.4.1;
					};
					B697AAAA2C56702500795D48 = {
						CreatedOnToolsVersion = 13.4.1;
						TestTargetID = B697AA912C56702300795D48;
					};
					B697AAB42C56702500795D48 = {
						CreatedOnToolsVersion = 13.4.1;
						TestTargetID = B697AA912C56702300795D48;
					};
				};
			};
			buildConfigurationList = B697AA8D2C56702200795D48 /* Build configuration list for PBXProject "InteraZeroProject1" */;
			compatibilityVersion = "Xcode 13.0";
			developmentRegion = en;
			hasScannedForEncodings = 0;
			knownRegions = (
				en,
				Base,
			);
			mainGroup = B697AA892C56702200795D48;
			productRefGroup = B697AA932C56702300795D48 /* Products */;
			projectDirPath = "";
			projectRoot = "";
			targets = (
				B697AA912C56702300795D48 /* InteraZeroProject1 */,
				B697AAAA2C56702500795D48 /* InteraZeroProject1Tests */,
				B697AAB42C56702500795D48 /* InteraZeroProject1UITests */,
			);
		};
/* End PBXProject section */

/* Begin PBXResourcesBuildPhase section */
		B697AA902C56702300795D48 /* Resources */ = {
			isa = PBXResourcesBuildPhase;
			buildActionMask = 2147483647;
			files = (
				B697AAA52C56702500795D48 /* LaunchScreen.storyboard in Resources */,
				B697AAA22C56702500795D48 /* Assets.xcassets in Resources */,
				B66894A12C56943B00C60476 /* CustomTableViewCell.xib in Resources */,
				B697AA9D2C56702300795D48 /* Main.storyboard in Resources */,
			);
			runOnlyForDeploymentPostprocessing = 0;
		};
		B697AAA92C56702500795D48 /* Resources */ = {
			isa = PBXResourcesBuildPhase;
			buildActionMask = 2147483647;
			files = (
			);
			runOnlyForDeploymentPostprocessing = 0;
		};
		B697AAB32C56702500795D48 /* Resources */ = {
			isa = PBXResourcesBuildPhase;
			buildActionMask = 2147483647;
			files = (
			);
			runOnlyForDeploymentPostprocessing = 0;
		};
/* End PBXResourcesBuildPhase section */

/* Begin PBXShellScriptBuildPhase section */
		0CBF0DEEC927DDEF22374E06 /* [CP] Embed Pods Frameworks */ = {
			isa = PBXShellScriptBuildPhase;
			buildActionMask = 2147483647;
			files = (
			);
			inputFileListPaths = (
				"${PODS_ROOT}/Target Support Files/Pods-InteraZeroProject1/Pods-InteraZeroProject1-frameworks-${CONFIGURATION}-input-files.xcfilelist",
			);
			name = "[CP] Embed Pods Frameworks";
			outputFileListPaths = (
				"${PODS_ROOT}/Target Support Files/Pods-InteraZeroProject1/Pods-InteraZeroProject1-frameworks-${CONFIGURATION}-output-files.xcfilelist",
			);
			runOnlyForDeploymentPostprocessing = 0;
			shellPath = /bin/sh;
			shellScript = "\"${PODS_ROOT}/Target Support Files/Pods-InteraZeroProject1/Pods-InteraZeroProject1-frameworks.sh\"\n";
			showEnvVarsInLog = 0;
		};
		250BD78E2250717BC4A3E9EB /* [CP] Embed Pods Frameworks */ = {
			isa = PBXShellScriptBuildPhase;
			buildActionMask = 2147483647;
			files = (
			);
			inputFileListPaths = (
				"${PODS_ROOT}/Target Support Files/Pods-InteraZeroProject1-InteraZeroProject1UITests/Pods-InteraZeroProject1-InteraZeroProject1UITests-frameworks-${CONFIGURATION}-input-files.xcfilelist",
			);
			name = "[CP] Embed Pods Frameworks";
			outputFileListPaths = (
				"${PODS_ROOT}/Target Support Files/Pods-InteraZeroProject1-InteraZeroProject1UITests/Pods-InteraZeroProject1-InteraZeroProject1UITests-frameworks-${CONFIGURATION}-output-files.xcfilelist",
			);
			runOnlyForDeploymentPostprocessing = 0;
			shellPath = /bin/sh;
			shellScript = "\"${PODS_ROOT}/Target Support Files/Pods-InteraZeroProject1-InteraZeroProject1UITests/Pods-InteraZeroProject1-InteraZeroProject1UITests-frameworks.sh\"\n";
			showEnvVarsInLog = 0;
		};
		327B5B22494D7321BBB5DA3B /* [CP] Check Pods Manifest.lock */ = {
			isa = PBXShellScriptBuildPhase;
			buildActionMask = 2147483647;
			files = (
			);
			inputFileListPaths = (
			);
			inputPaths = (
				"${PODS_PODFILE_DIR_PATH}/Podfile.lock",
				"${PODS_ROOT}/Manifest.lock",
			);
			name = "[CP] Check Pods Manifest.lock";
			outputFileListPaths = (
			);
			outputPaths = (
				"$(DERIVED_FILE_DIR)/Pods-InteraZeroProject1-checkManifestLockResult.txt",
			);
			runOnlyForDeploymentPostprocessing = 0;
			shellPath = /bin/sh;
			shellScript = "diff \"${PODS_PODFILE_DIR_PATH}/Podfile.lock\" \"${PODS_ROOT}/Manifest.lock\" > /dev/null\nif [ $? != 0 ] ; then\n    # print error to STDERR\n    echo \"error: The sandbox is not in sync with the Podfile.lock. Run 'pod install' or update your CocoaPods installation.\" >&2\n    exit 1\nfi\n# This output is used by Xcode 'outputs' to avoid re-running this script phase.\necho \"SUCCESS\" > \"${SCRIPT_OUTPUT_FILE_0}\"\n";
			showEnvVarsInLog = 0;
		};
		AB5091610A74F99DB243F756 /* [CP] Check Pods Manifest.lock */ = {
			isa = PBXShellScriptBuildPhase;
			buildActionMask = 2147483647;
			files = (
			);
			inputFileListPaths = (
			);
			inputPaths = (
				"${PODS_PODFILE_DIR_PATH}/Podfile.lock",
				"${PODS_ROOT}/Manifest.lock",
			);
			name = "[CP] Check Pods Manifest.lock";
			outputFileListPaths = (
			);
			outputPaths = (
				"$(DERIVED_FILE_DIR)/Pods-InteraZeroProject1Tests-checkManifestLockResult.txt",
			);
			runOnlyForDeploymentPostprocessing = 0;
			shellPath = /bin/sh;
			shellScript = "diff \"${PODS_PODFILE_DIR_PATH}/Podfile.lock\" \"${PODS_ROOT}/Manifest.lock\" > /dev/null\nif [ $? != 0 ] ; then\n    # print error to STDERR\n    echo \"error: The sandbox is not in sync with the Podfile.lock. Run 'pod install' or update your CocoaPods installation.\" >&2\n    exit 1\nfi\n# This output is used by Xcode 'outputs' to avoid re-running this script phase.\necho \"SUCCESS\" > \"${SCRIPT_OUTPUT_FILE_0}\"\n";
			showEnvVarsInLog = 0;
		};
		E4A1B3A2F02E11E61D1841F7 /* [CP] Check Pods Manifest.lock */ = {
			isa = PBXShellScriptBuildPhase;
			buildActionMask = 2147483647;
			files = (
			);
			inputFileListPaths = (
			);
			inputPaths = (
				"${PODS_PODFILE_DIR_PATH}/Podfile.lock",
				"${PODS_ROOT}/Manifest.lock",
			);
			name = "[CP] Check Pods Manifest.lock";
			outputFileListPaths = (
			);
			outputPaths = (
				"$(DERIVED_FILE_DIR)/Pods-InteraZeroProject1-InteraZeroProject1UITests-checkManifestLockResult.txt",
			);
			runOnlyForDeploymentPostprocessing = 0;
			shellPath = /bin/sh;
			shellScript = "diff \"${PODS_PODFILE_DIR_PATH}/Podfile.lock\" \"${PODS_ROOT}/Manifest.lock\" > /dev/null\nif [ $? != 0 ] ; then\n    # print error to STDERR\n    echo \"error: The sandbox is not in sync with the Podfile.lock. Run 'pod install' or update your CocoaPods installation.\" >&2\n    exit 1\nfi\n# This output is used by Xcode 'outputs' to avoid re-running this script phase.\necho \"SUCCESS\" > \"${SCRIPT_OUTPUT_FILE_0}\"\n";
			showEnvVarsInLog = 0;
		};
/* End PBXShellScriptBuildPhase section */

/* Begin PBXSourcesBuildPhase section */
		B697AA8E2C56702300795D48 /* Sources */ = {
			isa = PBXSourcesBuildPhase;
			buildActionMask = 2147483647;
			files = (
				B66894A72C56AF0700C60476 /* CharactersViewModel.swift in Sources */,
				B6E6B0A22C567BE800F73337 /* StarshipModel.swift in Sources */,
				B664E1172C57EF250083201D /* LocalStarship.swift in Sources */,
				B697AA962C56702300795D48 /* AppDelegate.swift in Sources */,
				B66894C42C57089D00C60476 /* SharedMethods.swift in Sources */,
				B6ED9DF62C567FD400CDAB30 /* NetworkService.swift in Sources */,
				B697AAA02C56702300795D48 /* InteraZeroProject1.xcdatamodeld in Sources */,
				B664E1192C57EF480083201D /* LocalCharacter.swift in Sources */,
				B664E1202C57F96A0083201D /* FavouritesViewModel.swift in Sources */,
				B664E1112C57DDEC0083201D /* DatabaseService.swift in Sources */,
				B66894A32C56954D00C60476 /* CustomTableViewCell.swift in Sources */,
				B66894A92C56AF1F00C60476 /* CharactersVC.swift in Sources */,
				B66894A52C56A48D00C60476 /* StarshipsVC.swift in Sources */,
				B6E139972C5672B500AF1457 /* CharactersModel.swift in Sources */,
				B697AA982C56702300795D48 /* SceneDelegate.swift in Sources */,
				B664E1152C57DEC50083201D /* LocalStarshipDetails.swift in Sources */,
				B66894B62C56C5A400C60476 /* SharedDataModel.swift in Sources */,
				B664E11E2C57F94A0083201D /* FavouriteVC.swift in Sources */,
				B668949F2C568F0F00C60476 /* StarshipViewModel.swift in Sources */,
				B6ED9DF92C56817900CDAB30 /* Constants.swift in Sources */,
				B66894C02C56CF2E00C60476 /* StarshipDetailsViewModel.swift in Sources */,
				B664E1132C57DE5F0083201D /* LocalCharacterDetails.swift in Sources */,
				B66894B92C56C7A100C60476 /* CharactersDetailsViewModel.swift in Sources */,
				B66894C22C56FED600C60476 /* DependencyProvider.swift in Sources */,
				B66894B32C56C1C900C60476 /* CharacterDetailsVC.swift in Sources */,
				B66894BD2C56CF0A00C60476 /* StarshipDetailsVC.swift in Sources */,
			);
			runOnlyForDeploymentPostprocessing = 0;
		};
		B697AAA72C56702500795D48 /* Sources */ = {
			isa = PBXSourcesBuildPhase;
			buildActionMask = 2147483647;
			files = (
				B697AAB02C56702500795D48 /* InteraZeroProject1Tests.swift in Sources */,
			);
			runOnlyForDeploymentPostprocessing = 0;
		};
		B697AAB12C56702500795D48 /* Sources */ = {
			isa = PBXSourcesBuildPhase;
			buildActionMask = 2147483647;
			files = (
				B697AABA2C56702500795D48 /* InteraZeroProject1UITests.swift in Sources */,
				B697AABC2C56702500795D48 /* InteraZeroProject1UITestsLaunchTests.swift in Sources */,
			);
			runOnlyForDeploymentPostprocessing = 0;
		};
/* End PBXSourcesBuildPhase section */

/* Begin PBXTargetDependency section */
		B697AAAD2C56702500795D48 /* PBXTargetDependency */ = {
			isa = PBXTargetDependency;
			target = B697AA912C56702300795D48 /* InteraZeroProject1 */;
			targetProxy = B697AAAC2C56702500795D48 /* PBXContainerItemProxy */;
		};
		B697AAB72C56702500795D48 /* PBXTargetDependency */ = {
			isa = PBXTargetDependency;
			target = B697AA912C56702300795D48 /* InteraZeroProject1 */;
			targetProxy = B697AAB62C56702500795D48 /* PBXContainerItemProxy */;
		};
/* End PBXTargetDependency section */

/* Begin PBXVariantGroup section */
		B697AA9B2C56702300795D48 /* Main.storyboard */ = {
			isa = PBXVariantGroup;
			children = (
				B697AA9C2C56702300795D48 /* Base */,
			);
			name = Main.storyboard;
			sourceTree = "<group>";
		};
		B697AAA32C56702500795D48 /* LaunchScreen.storyboard */ = {
			isa = PBXVariantGroup;
			children = (
				B697AAA42C56702500795D48 /* Base */,
			);
			name = LaunchScreen.storyboard;
			sourceTree = "<group>";
		};
/* End PBXVariantGroup section */

/* Begin XCBuildConfiguration section */
		B697AABD2C56702500795D48 /* Debug */ = {
			isa = XCBuildConfiguration;
			buildSettings = {
				ALWAYS_SEARCH_USER_PATHS = NO;
				CLANG_ANALYZER_NONNULL = YES;
				CLANG_ANALYZER_NUMBER_OBJECT_CONVERSION = YES_AGGRESSIVE;
				CLANG_CXX_LANGUAGE_STANDARD = "gnu++17";
				CLANG_ENABLE_MODULES = YES;
				CLANG_ENABLE_OBJC_ARC = YES;
				CLANG_ENABLE_OBJC_WEAK = YES;
				CLANG_WARN_BLOCK_CAPTURE_AUTORELEASING = YES;
				CLANG_WARN_BOOL_CONVERSION = YES;
				CLANG_WARN_COMMA = YES;
				CLANG_WARN_CONSTANT_CONVERSION = YES;
				CLANG_WARN_DEPRECATED_OBJC_IMPLEMENTATIONS = YES;
				CLANG_WARN_DIRECT_OBJC_ISA_USAGE = YES_ERROR;
				CLANG_WARN_DOCUMENTATION_COMMENTS = YES;
				CLANG_WARN_EMPTY_BODY = YES;
				CLANG_WARN_ENUM_CONVERSION = YES;
				CLANG_WARN_INFINITE_RECURSION = YES;
				CLANG_WARN_INT_CONVERSION = YES;
				CLANG_WARN_NON_LITERAL_NULL_CONVERSION = YES;
				CLANG_WARN_OBJC_IMPLICIT_RETAIN_SELF = YES;
				CLANG_WARN_OBJC_LITERAL_CONVERSION = YES;
				CLANG_WARN_OBJC_ROOT_CLASS = YES_ERROR;
				CLANG_WARN_QUOTED_INCLUDE_IN_FRAMEWORK_HEADER = YES;
				CLANG_WARN_RANGE_LOOP_ANALYSIS = YES;
				CLANG_WARN_STRICT_PROTOTYPES = YES;
				CLANG_WARN_SUSPICIOUS_MOVE = YES;
				CLANG_WARN_UNGUARDED_AVAILABILITY = YES_AGGRESSIVE;
				CLANG_WARN_UNREACHABLE_CODE = YES;
				CLANG_WARN__DUPLICATE_METHOD_MATCH = YES;
				COPY_PHASE_STRIP = NO;
				DEBUG_INFORMATION_FORMAT = dwarf;
				ENABLE_STRICT_OBJC_MSGSEND = YES;
				ENABLE_TESTABILITY = YES;
				GCC_C_LANGUAGE_STANDARD = gnu11;
				GCC_DYNAMIC_NO_PIC = NO;
				GCC_NO_COMMON_BLOCKS = YES;
				GCC_OPTIMIZATION_LEVEL = 0;
				GCC_PREPROCESSOR_DEFINITIONS = (
					"DEBUG=1",
					"$(inherited)",
				);
				GCC_WARN_64_TO_32_BIT_CONVERSION = YES;
				GCC_WARN_ABOUT_RETURN_TYPE = YES_ERROR;
				GCC_WARN_UNDECLARED_SELECTOR = YES;
				GCC_WARN_UNINITIALIZED_AUTOS = YES_AGGRESSIVE;
				GCC_WARN_UNUSED_FUNCTION = YES;
				GCC_WARN_UNUSED_VARIABLE = YES;
				IPHONEOS_DEPLOYMENT_TARGET = 15.5;
				MTL_ENABLE_DEBUG_INFO = INCLUDE_SOURCE;
				MTL_FAST_MATH = YES;
				ONLY_ACTIVE_ARCH = YES;
				SDKROOT = iphoneos;
				SWIFT_ACTIVE_COMPILATION_CONDITIONS = DEBUG;
				SWIFT_OPTIMIZATION_LEVEL = "-Onone";
			};
			name = Debug;
		};
		B697AABE2C56702500795D48 /* Release */ = {
			isa = XCBuildConfiguration;
			buildSettings = {
				ALWAYS_SEARCH_USER_PATHS = NO;
				CLANG_ANALYZER_NONNULL = YES;
				CLANG_ANALYZER_NUMBER_OBJECT_CONVERSION = YES_AGGRESSIVE;
				CLANG_CXX_LANGUAGE_STANDARD = "gnu++17";
				CLANG_ENABLE_MODULES = YES;
				CLANG_ENABLE_OBJC_ARC = YES;
				CLANG_ENABLE_OBJC_WEAK = YES;
				CLANG_WARN_BLOCK_CAPTURE_AUTORELEASING = YES;
				CLANG_WARN_BOOL_CONVERSION = YES;
				CLANG_WARN_COMMA = YES;
				CLANG_WARN_CONSTANT_CONVERSION = YES;
				CLANG_WARN_DEPRECATED_OBJC_IMPLEMENTATIONS = YES;
				CLANG_WARN_DIRECT_OBJC_ISA_USAGE = YES_ERROR;
				CLANG_WARN_DOCUMENTATION_COMMENTS = YES;
				CLANG_WARN_EMPTY_BODY = YES;
				CLANG_WARN_ENUM_CONVERSION = YES;
				CLANG_WARN_INFINITE_RECURSION = YES;
				CLANG_WARN_INT_CONVERSION = YES;
				CLANG_WARN_NON_LITERAL_NULL_CONVERSION = YES;
				CLANG_WARN_OBJC_IMPLICIT_RETAIN_SELF = YES;
				CLANG_WARN_OBJC_LITERAL_CONVERSION = YES;
				CLANG_WARN_OBJC_ROOT_CLASS = YES_ERROR;
				CLANG_WARN_QUOTED_INCLUDE_IN_FRAMEWORK_HEADER = YES;
				CLANG_WARN_RANGE_LOOP_ANALYSIS = YES;
				CLANG_WARN_STRICT_PROTOTYPES = YES;
				CLANG_WARN_SUSPICIOUS_MOVE = YES;
				CLANG_WARN_UNGUARDED_AVAILABILITY = YES_AGGRESSIVE;
				CLANG_WARN_UNREACHABLE_CODE = YES;
				CLANG_WARN__DUPLICATE_METHOD_MATCH = YES;
				COPY_PHASE_STRIP = NO;
				DEBUG_INFORMATION_FORMAT = "dwarf-with-dsym";
				ENABLE_NS_ASSERTIONS = NO;
				ENABLE_STRICT_OBJC_MSGSEND = YES;
				GCC_C_LANGUAGE_STANDARD = gnu11;
				GCC_NO_COMMON_BLOCKS = YES;
				GCC_WARN_64_TO_32_BIT_CONVERSION = YES;
				GCC_WARN_ABOUT_RETURN_TYPE = YES_ERROR;
				GCC_WARN_UNDECLARED_SELECTOR = YES;
				GCC_WARN_UNINITIALIZED_AUTOS = YES_AGGRESSIVE;
				GCC_WARN_UNUSED_FUNCTION = YES;
				GCC_WARN_UNUSED_VARIABLE = YES;
				IPHONEOS_DEPLOYMENT_TARGET = 15.5;
				MTL_ENABLE_DEBUG_INFO = NO;
				MTL_FAST_MATH = YES;
				SDKROOT = iphoneos;
				SWIFT_COMPILATION_MODE = wholemodule;
				SWIFT_OPTIMIZATION_LEVEL = "-O";
				VALIDATE_PRODUCT = YES;
			};
			name = Release;
		};
		B697AAC02C56702500795D48 /* Debug */ = {
			isa = XCBuildConfiguration;
			baseConfigurationReference = 0CAAEBAE7957744BB9AD9184 /* Pods-InteraZeroProject1.debug.xcconfig */;
			buildSettings = {
				ASSETCATALOG_COMPILER_APPICON_NAME = AppIcon;
				ASSETCATALOG_COMPILER_GLOBAL_ACCENT_COLOR_NAME = AccentColor;
				CODE_SIGN_STYLE = Automatic;
				CURRENT_PROJECT_VERSION = 1;
				GENERATE_INFOPLIST_FILE = YES;
				INFOPLIST_FILE = InteraZeroProject1/Info.plist;
				INFOPLIST_KEY_UIApplicationSupportsIndirectInputEvents = YES;
				INFOPLIST_KEY_UILaunchStoryboardName = LaunchScreen;
				INFOPLIST_KEY_UIMainStoryboardFile = Main;
				INFOPLIST_KEY_UISupportedInterfaceOrientations_iPad = "UIInterfaceOrientationPortrait UIInterfaceOrientationPortraitUpsideDown UIInterfaceOrientationLandscapeLeft UIInterfaceOrientationLandscapeRight";
				INFOPLIST_KEY_UISupportedInterfaceOrientations_iPhone = "UIInterfaceOrientationPortrait UIInterfaceOrientationLandscapeLeft UIInterfaceOrientationLandscapeRight";
				LD_RUNPATH_SEARCH_PATHS = (
					"$(inherited)",
					"@executable_path/Frameworks",
				);
				MARKETING_VERSION = 1.0;
				PRODUCT_BUNDLE_IDENTIFIER = "Sarah-Talaat.InteraZeroProject1";
				PRODUCT_NAME = "$(TARGET_NAME)";
				SWIFT_EMIT_LOC_STRINGS = YES;
				SWIFT_VERSION = 5.0;
				TARGETED_DEVICE_FAMILY = "1,2";
			};
			name = Debug;
		};
		B697AAC12C56702500795D48 /* Release */ = {
			isa = XCBuildConfiguration;
			baseConfigurationReference = 5E43EDD115D089B04BEE8BD1 /* Pods-InteraZeroProject1.release.xcconfig */;
			buildSettings = {
				ASSETCATALOG_COMPILER_APPICON_NAME = AppIcon;
				ASSETCATALOG_COMPILER_GLOBAL_ACCENT_COLOR_NAME = AccentColor;
				CODE_SIGN_STYLE = Automatic;
				CURRENT_PROJECT_VERSION = 1;
				GENERATE_INFOPLIST_FILE = YES;
				INFOPLIST_FILE = InteraZeroProject1/Info.plist;
				INFOPLIST_KEY_UIApplicationSupportsIndirectInputEvents = YES;
				INFOPLIST_KEY_UILaunchStoryboardName = LaunchScreen;
				INFOPLIST_KEY_UIMainStoryboardFile = Main;
				INFOPLIST_KEY_UISupportedInterfaceOrientations_iPad = "UIInterfaceOrientationPortrait UIInterfaceOrientationPortraitUpsideDown UIInterfaceOrientationLandscapeLeft UIInterfaceOrientationLandscapeRight";
				INFOPLIST_KEY_UISupportedInterfaceOrientations_iPhone = "UIInterfaceOrientationPortrait UIInterfaceOrientationLandscapeLeft UIInterfaceOrientationLandscapeRight";
				LD_RUNPATH_SEARCH_PATHS = (
					"$(inherited)",
					"@executable_path/Frameworks",
				);
				MARKETING_VERSION = 1.0;
				PRODUCT_BUNDLE_IDENTIFIER = "Sarah-Talaat.InteraZeroProject1";
				PRODUCT_NAME = "$(TARGET_NAME)";
				SWIFT_EMIT_LOC_STRINGS = YES;
				SWIFT_VERSION = 5.0;
				TARGETED_DEVICE_FAMILY = "1,2";
			};
			name = Release;
		};
		B697AAC32C56702500795D48 /* Debug */ = {
			isa = XCBuildConfiguration;
			baseConfigurationReference = 085FB2302C2DB6822FF27913 /* Pods-InteraZeroProject1Tests.debug.xcconfig */;
			buildSettings = {
				ALWAYS_EMBED_SWIFT_STANDARD_LIBRARIES = YES;
				BUNDLE_LOADER = "$(TEST_HOST)";
				CODE_SIGN_STYLE = Automatic;
				CURRENT_PROJECT_VERSION = 1;
				GENERATE_INFOPLIST_FILE = YES;
				IPHONEOS_DEPLOYMENT_TARGET = 15.5;
				MARKETING_VERSION = 1.0;
				PRODUCT_BUNDLE_IDENTIFIER = "Sarah-Talaat.InteraZeroProject1Tests";
				PRODUCT_NAME = "$(TARGET_NAME)";
				SWIFT_EMIT_LOC_STRINGS = NO;
				SWIFT_VERSION = 5.0;
				TARGETED_DEVICE_FAMILY = "1,2";
				TEST_HOST = "$(BUILT_PRODUCTS_DIR)/InteraZeroProject1.app/InteraZeroProject1";
			};
			name = Debug;
		};
		B697AAC42C56702500795D48 /* Release */ = {
			isa = XCBuildConfiguration;
			baseConfigurationReference = 17578D97F2A58B7C434C3436 /* Pods-InteraZeroProject1Tests.release.xcconfig */;
			buildSettings = {
				ALWAYS_EMBED_SWIFT_STANDARD_LIBRARIES = YES;
				BUNDLE_LOADER = "$(TEST_HOST)";
				CODE_SIGN_STYLE = Automatic;
				CURRENT_PROJECT_VERSION = 1;
				GENERATE_INFOPLIST_FILE = YES;
				IPHONEOS_DEPLOYMENT_TARGET = 15.5;
				MARKETING_VERSION = 1.0;
				PRODUCT_BUNDLE_IDENTIFIER = "Sarah-Talaat.InteraZeroProject1Tests";
				PRODUCT_NAME = "$(TARGET_NAME)";
				SWIFT_EMIT_LOC_STRINGS = NO;
				SWIFT_VERSION = 5.0;
				TARGETED_DEVICE_FAMILY = "1,2";
				TEST_HOST = "$(BUILT_PRODUCTS_DIR)/InteraZeroProject1.app/InteraZeroProject1";
			};
			name = Release;
		};
		B697AAC62C56702500795D48 /* Debug */ = {
			isa = XCBuildConfiguration;
			baseConfigurationReference = 78DF2FEB995AD9689D1C5404 /* Pods-InteraZeroProject1-InteraZeroProject1UITests.debug.xcconfig */;
			buildSettings = {
				ALWAYS_EMBED_SWIFT_STANDARD_LIBRARIES = YES;
				CODE_SIGN_STYLE = Automatic;
				CURRENT_PROJECT_VERSION = 1;
				GENERATE_INFOPLIST_FILE = YES;
				MARKETING_VERSION = 1.0;
				PRODUCT_BUNDLE_IDENTIFIER = "Sarah-Talaat.InteraZeroProject1UITests";
				PRODUCT_NAME = "$(TARGET_NAME)";
				SWIFT_EMIT_LOC_STRINGS = NO;
				SWIFT_VERSION = 5.0;
				TARGETED_DEVICE_FAMILY = "1,2";
				TEST_TARGET_NAME = InteraZeroProject1;
			};
			name = Debug;
		};
		B697AAC72C56702500795D48 /* Release */ = {
			isa = XCBuildConfiguration;
			baseConfigurationReference = 43C90EFED0D63C075CE55ECF /* Pods-InteraZeroProject1-InteraZeroProject1UITests.release.xcconfig */;
			buildSettings = {
				ALWAYS_EMBED_SWIFT_STANDARD_LIBRARIES = YES;
				CODE_SIGN_STYLE = Automatic;
				CURRENT_PROJECT_VERSION = 1;
				GENERATE_INFOPLIST_FILE = YES;
				MARKETING_VERSION = 1.0;
				PRODUCT_BUNDLE_IDENTIFIER = "Sarah-Talaat.InteraZeroProject1UITests";
				PRODUCT_NAME = "$(TARGET_NAME)";
				SWIFT_EMIT_LOC_STRINGS = NO;
				SWIFT_VERSION = 5.0;
				TARGETED_DEVICE_FAMILY = "1,2";
				TEST_TARGET_NAME = InteraZeroProject1;
			};
			name = Release;
		};
/* End XCBuildConfiguration section */

/* Begin XCConfigurationList section */
		B697AA8D2C56702200795D48 /* Build configuration list for PBXProject "InteraZeroProject1" */ = {
			isa = XCConfigurationList;
			buildConfigurations = (
				B697AABD2C56702500795D48 /* Debug */,
				B697AABE2C56702500795D48 /* Release */,
			);
			defaultConfigurationIsVisible = 0;
			defaultConfigurationName = Release;
		};
		B697AABF2C56702500795D48 /* Build configuration list for PBXNativeTarget "InteraZeroProject1" */ = {
			isa = XCConfigurationList;
			buildConfigurations = (
				B697AAC02C56702500795D48 /* Debug */,
				B697AAC12C56702500795D48 /* Release */,
			);
			defaultConfigurationIsVisible = 0;
			defaultConfigurationName = Release;
		};
		B697AAC22C56702500795D48 /* Build configuration list for PBXNativeTarget "InteraZeroProject1Tests" */ = {
			isa = XCConfigurationList;
			buildConfigurations = (
				B697AAC32C56702500795D48 /* Debug */,
				B697AAC42C56702500795D48 /* Release */,
			);
			defaultConfigurationIsVisible = 0;
			defaultConfigurationName = Release;
		};
		B697AAC52C56702500795D48 /* Build configuration list for PBXNativeTarget "InteraZeroProject1UITests" */ = {
			isa = XCConfigurationList;
			buildConfigurations = (
				B697AAC62C56702500795D48 /* Debug */,
				B697AAC72C56702500795D48 /* Release */,
			);
			defaultConfigurationIsVisible = 0;
			defaultConfigurationName = Release;
		};
/* End XCConfigurationList section */

/* Begin XCVersionGroup section */
		B697AA9E2C56702300795D48 /* InteraZeroProject1.xcdatamodeld */ = {
			isa = XCVersionGroup;
			children = (
				B697AA9F2C56702300795D48 /* InteraZeroProject1.xcdatamodel */,
			);
			currentVersion = B697AA9F2C56702300795D48 /* InteraZeroProject1.xcdatamodel */;
			path = InteraZeroProject1.xcdatamodeld;
			sourceTree = "<group>";
			versionGroupType = wrapper.xcdatamodel;
		};
/* End XCVersionGroup section */
	};
	rootObject = B697AA8A2C56702200795D48 /* Project object */;
}
